// !$*UTF8*$!
{
	archiveVersion = 1;
	classes = {
	};
	objectVersion = 50;
	objects = {

/* Begin PBXBuildFile section */
		31AE190826A8A2CC00C67B47 /* QuizViewController.swift in Sources */ = {isa = PBXBuildFile; fileRef = 31AE190726A8A2CC00C67B47 /* QuizViewController.swift */; };
		31AE190A26A92E2A00C67B47 /* PillarsViewController.swift in Sources */ = {isa = PBXBuildFile; fileRef = 31AE190926A92E2A00C67B47 /* PillarsViewController.swift */; };
		31AE190C26A92F6600C67B47 /* ScholarshipVC.swift in Sources */ = {isa = PBXBuildFile; fileRef = 31AE190B26A92F6600C67B47 /* ScholarshipVC.swift */; };
		31BB4C9F26A762E300BF1F61 /* AppDelegate.swift in Sources */ = {isa = PBXBuildFile; fileRef = 31BB4C9E26A762E300BF1F61 /* AppDelegate.swift */; };
		31BB4CA126A762E300BF1F61 /* SceneDelegate.swift in Sources */ = {isa = PBXBuildFile; fileRef = 31BB4CA026A762E300BF1F61 /* SceneDelegate.swift */; };
		31BB4CA326A762E300BF1F61 /* ViewController.swift in Sources */ = {isa = PBXBuildFile; fileRef = 31BB4CA226A762E300BF1F61 /* ViewController.swift */; };
		31BB4CA626A762E300BF1F61 /* Main.storyboard in Resources */ = {isa = PBXBuildFile; fileRef = 31BB4CA426A762E300BF1F61 /* Main.storyboard */; };
		31BB4CA926A762E300BF1F61 /* CrushingCollege.xcdatamodeld in Sources */ = {isa = PBXBuildFile; fileRef = 31BB4CA726A762E300BF1F61 /* CrushingCollege.xcdatamodeld */; };
		31BB4CAB26A762E900BF1F61 /* Assets.xcassets in Resources */ = {isa = PBXBuildFile; fileRef = 31BB4CAA26A762E900BF1F61 /* Assets.xcassets */; };
		31BB4CAE26A762E900BF1F61 /* LaunchScreen.storyboard in Resources */ = {isa = PBXBuildFile; fileRef = 31BB4CAC26A762E900BF1F61 /* LaunchScreen.storyboard */; };
/* End PBXBuildFile section */

/* Begin PBXFileReference section */
		31AE190726A8A2CC00C67B47 /* QuizViewController.swift */ = {isa = PBXFileReference; lastKnownFileType = sourcecode.swift; path = QuizViewController.swift; sourceTree = "<group>"; };
		31AE190926A92E2A00C67B47 /* PillarsViewController.swift */ = {isa = PBXFileReference; lastKnownFileType = sourcecode.swift; path = PillarsViewController.swift; sourceTree = "<group>"; };
		31AE190B26A92F6600C67B47 /* ScholarshipVC.swift */ = {isa = PBXFileReference; lastKnownFileType = sourcecode.swift; path = ScholarshipVC.swift; sourceTree = "<group>"; };
		31BB4C9B26A762E300BF1F61 /* CrushingCollege.app */ = {isa = PBXFileReference; explicitFileType = wrapper.application; includeInIndex = 0; path = CrushingCollege.app; sourceTree = BUILT_PRODUCTS_DIR; };
		31BB4C9E26A762E300BF1F61 /* AppDelegate.swift */ = {isa = PBXFileReference; lastKnownFileType = sourcecode.swift; path = AppDelegate.swift; sourceTree = "<group>"; };
		31BB4CA026A762E300BF1F61 /* SceneDelegate.swift */ = {isa = PBXFileReference; lastKnownFileType = sourcecode.swift; path = SceneDelegate.swift; sourceTree = "<group>"; };
		31BB4CA226A762E300BF1F61 /* ViewController.swift */ = {isa = PBXFileReference; lastKnownFileType = sourcecode.swift; path = ViewController.swift; sourceTree = "<group>"; };
		31BB4CA526A762E300BF1F61 /* Base */ = {isa = PBXFileReference; lastKnownFileType = file.storyboard; name = Base; path = Base.lproj/Main.storyboard; sourceTree = "<group>"; };
		31BB4CA826A762E300BF1F61 /* CrushingCollege.xcdatamodel */ = {isa = PBXFileReference; lastKnownFileType = wrapper.xcdatamodel; path = CrushingCollege.xcdatamodel; sourceTree = "<group>"; };
		31BB4CAA26A762E900BF1F61 /* Assets.xcassets */ = {isa = PBXFileReference; lastKnownFileType = folder.assetcatalog; path = Assets.xcassets; sourceTree = "<group>"; };
		31BB4CAD26A762E900BF1F61 /* Base */ = {isa = PBXFileReference; lastKnownFileType = file.storyboard; name = Base; path = Base.lproj/LaunchScreen.storyboard; sourceTree = "<group>"; };
		31BB4CAF26A762E900BF1F61 /* Info.plist */ = {isa = PBXFileReference; lastKnownFileType = text.plist.xml; path = Info.plist; sourceTree = "<group>"; };
/* End PBXFileReference section */

/* Begin PBXFrameworksBuildPhase section */
		31BB4C9826A762E300BF1F61 /* Frameworks */ = {
			isa = PBXFrameworksBuildPhase;
			buildActionMask = 2147483647;
			files = (
			);
			runOnlyForDeploymentPostprocessing = 0;
		};
/* End PBXFrameworksBuildPhase section */

/* Begin PBXGroup section */
		31BB4C9226A762E300BF1F61 = {
			isa = PBXGroup;
			children = (
				31BB4C9D26A762E300BF1F61 /* CrushingCollege */,
				31BB4C9C26A762E300BF1F61 /* Products */,
			);
			sourceTree = "<group>";
		};
		31BB4C9C26A762E300BF1F61 /* Products */ = {
			isa = PBXGroup;
			children = (
				31BB4C9B26A762E300BF1F61 /* CrushingCollege.app */,
			);
			name = Products;
			sourceTree = "<group>";
		};
		31BB4C9D26A762E300BF1F61 /* CrushingCollege */ = {
			isa = PBXGroup;
			children = (
				31BB4C9E26A762E300BF1F61 /* AppDelegate.swift */,
				31BB4CA026A762E300BF1F61 /* SceneDelegate.swift */,
				31BB4CA226A762E300BF1F61 /* ViewController.swift */,
				31BB4CA426A762E300BF1F61 /* Main.storyboard */,
				31AE190B26A92F6600C67B47 /* ScholarshipVC.swift */,
				31AE190926A92E2A00C67B47 /* PillarsViewController.swift */,
				31AE190726A8A2CC00C67B47 /* QuizViewController.swift */,
				31BB4CAA26A762E900BF1F61 /* Assets.xcassets */,
				31BB4CAC26A762E900BF1F61 /* LaunchScreen.storyboard */,
				31BB4CAF26A762E900BF1F61 /* Info.plist */,
				31BB4CA726A762E300BF1F61 /* CrushingCollege.xcdatamodeld */,
			);
			path = CrushingCollege;
			sourceTree = "<group>";
		};
/* End PBXGroup section */

/* Begin PBXNativeTarget section */
		31BB4C9A26A762E300BF1F61 /* CrushingCollege */ = {
			isa = PBXNativeTarget;
			buildConfigurationList = 31BB4CB226A762E900BF1F61 /* Build configuration list for PBXNativeTarget "CrushingCollege" */;
			buildPhases = (
				31BB4C9726A762E300BF1F61 /* Sources */,
				31BB4C9826A762E300BF1F61 /* Frameworks */,
				31BB4C9926A762E300BF1F61 /* Resources */,
			);
			buildRules = (
			);
			dependencies = (
			);
			name = CrushingCollege;
			productName = CrushingCollege;
			productReference = 31BB4C9B26A762E300BF1F61 /* CrushingCollege.app */;
			productType = "com.apple.product-type.application";
		};
/* End PBXNativeTarget section */

/* Begin PBXProject section */
		31BB4C9326A762E300BF1F61 /* Project object */ = {
			isa = PBXProject;
			attributes = {
				LastSwiftUpdateCheck = 1250;
				LastUpgradeCheck = 1250;
				TargetAttributes = {
					31BB4C9A26A762E300BF1F61 = {
						CreatedOnToolsVersion = 12.5.1;
					};
				};
			};
			buildConfigurationList = 31BB4C9626A762E300BF1F61 /* Build configuration list for PBXProject "CrushingCollege" */;
			compatibilityVersion = "Xcode 9.3";
			developmentRegion = en;
			hasScannedForEncodings = 0;
			knownRegions = (
				en,
				Base,
			);
			mainGroup = 31BB4C9226A762E300BF1F61;
			productRefGroup = 31BB4C9C26A762E300BF1F61 /* Products */;
			projectDirPath = "";
			projectRoot = "";
			targets = (
				31BB4C9A26A762E300BF1F61 /* CrushingCollege */,
			);
		};
/* End PBXProject section */

/* Begin PBXResourcesBuildPhase section */
		31BB4C9926A762E300BF1F61 /* Resources */ = {
			isa = PBXResourcesBuildPhase;
			buildActionMask = 2147483647;
			files = (
				31BB4CAE26A762E900BF1F61 /* LaunchScreen.storyboard in Resources */,
				31BB4CAB26A762E900BF1F61 /* Assets.xcassets in Resources */,
				31BB4CA626A762E300BF1F61 /* Main.storyboard in Resources */,
			);
			runOnlyForDeploymentPostprocessing = 0;
		};
/* End PBXResourcesBuildPhase section */

/* Begin PBXSourcesBuildPhase section */
		31BB4C9726A762E300BF1F61 /* Sources */ = {
			isa = PBXSourcesBuildPhase;
			buildActionMask = 2147483647;
			files = (
				31AE190C26A92F6600C67B47 /* ScholarshipVC.swift in Sources */,
				31AE190A26A92E2A00C67B47 /* PillarsViewController.swift in Sources */,
				31BB4CA326A762E300BF1F61 /* ViewController.swift in Sources */,
				31AE190826A8A2CC00C67B47 /* QuizViewController.swift in Sources */,
				31BB4C9F26A762E300BF1F61 /* AppDelegate.swift in Sources */,
				31BB4CA926A762E300BF1F61 /* CrushingCollege.xcdatamodeld in Sources */,
				31BB4CA126A762E300BF1F61 /* SceneDelegate.swift in Sources */,
			);
			runOnlyForDeploymentPostprocessing = 0;
		};
/* End PBXSourcesBuildPhase section */

/* Begin PBXVariantGroup section */
		31BB4CA426A762E300BF1F61 /* Main.storyboard */ = {
			isa = PBXVariantGroup;
			children = (
				31BB4CA526A762E300BF1F61 /* Base */,
			);
			name = Main.storyboard;
			sourceTree = "<group>";
		};
		31BB4CAC26A762E900BF1F61 /* LaunchScreen.storyboard */ = {
			isa = PBXVariantGroup;
			children = (
				31BB4CAD26A762E900BF1F61 /* Base */,
			);
			name = LaunchScreen.storyboard;
			sourceTree = "<group>";
		};
/* End PBXVariantGroup section */

/* Begin XCBuildConfiguration section */
		31BB4CB026A762E900BF1F61 /* Debug */ = {
			isa = XCBuildConfiguration;
			buildSettings = {
				ALWAYS_SEARCH_USER_PATHS = NO;
				CLANG_ANALYZER_NONNULL = YES;
				CLANG_ANALYZER_NUMBER_OBJECT_CONVERSION = YES_AGGRESSIVE;
				CLANG_CXX_LANGUAGE_STANDARD = "gnu++14";
				CLANG_CXX_LIBRARY = "libc++";
				CLANG_ENABLE_MODULES = YES;
				CLANG_ENABLE_OBJC_ARC = YES;
				CLANG_ENABLE_OBJC_WEAK = YES;
				CLANG_WARN_BLOCK_CAPTURE_AUTORELEASING = YES;
				CLANG_WARN_BOOL_CONVERSION = YES;
				CLANG_WARN_COMMA = YES;
				CLANG_WARN_CONSTANT_CONVERSION = YES;
				CLANG_WARN_DEPRECATED_OBJC_IMPLEMENTATIONS = YES;
				CLANG_WARN_DIRECT_OBJC_ISA_USAGE = YES_ERROR;
				CLANG_WARN_DOCUMENTATION_COMMENTS = YES;
				CLANG_WARN_EMPTY_BODY = YES;
				CLANG_WARN_ENUM_CONVERSION = YES;
				CLANG_WARN_INFINITE_RECURSION = YES;
				CLANG_WARN_INT_CONVERSION = YES;
				CLANG_WARN_NON_LITERAL_NULL_CONVERSION = YES;
				CLANG_WARN_OBJC_IMPLICIT_RETAIN_SELF = YES;
				CLANG_WARN_OBJC_LITERAL_CONVERSION = YES;
				CLANG_WARN_OBJC_ROOT_CLASS = YES_ERROR;
				CLANG_WARN_QUOTED_INCLUDE_IN_FRAMEWORK_HEADER = YES;
				CLANG_WARN_RANGE_LOOP_ANALYSIS = YES;
				CLANG_WARN_STRICT_PROTOTYPES = YES;
				CLANG_WARN_SUSPICIOUS_MOVE = YES;
				CLANG_WARN_UNGUARDED_AVAILABILITY = YES_AGGRESSIVE;
				CLANG_WARN_UNREACHABLE_CODE = YES;
				CLANG_WARN__DUPLICATE_METHOD_MATCH = YES;
				COPY_PHASE_STRIP = NO;
				DEBUG_INFORMATION_FORMAT = dwarf;
				ENABLE_STRICT_OBJC_MSGSEND = YES;
				ENABLE_TESTABILITY = YES;
				GCC_C_LANGUAGE_STANDARD = gnu11;
				GCC_DYNAMIC_NO_PIC = NO;
				GCC_NO_COMMON_BLOCKS = YES;
				GCC_OPTIMIZATION_LEVEL = 0;
				GCC_PREPROCESSOR_DEFINITIONS = (
					"DEBUG=1",
					"$(inherited)",
				);
				GCC_WARN_64_TO_32_BIT_CONVERSION = YES;
				GCC_WARN_ABOUT_RETURN_TYPE = YES_ERROR;
				GCC_WARN_UNDECLARED_SELECTOR = YES;
				GCC_WARN_UNINITIALIZED_AUTOS = YES_AGGRESSIVE;
				GCC_WARN_UNUSED_FUNCTION = YES;
				GCC_WARN_UNUSED_VARIABLE = YES;
				IPHONEOS_DEPLOYMENT_TARGET = 14.5;
				MTL_ENABLE_DEBUG_INFO = INCLUDE_SOURCE;
				MTL_FAST_MATH = YES;
				ONLY_ACTIVE_ARCH = YES;
				SDKROOT = iphoneos;
				SWIFT_ACTIVE_COMPILATION_CONDITIONS = DEBUG;
				SWIFT_OPTIMIZATION_LEVEL = "-Onone";
			};
			name = Debug;
		};
		31BB4CB126A762E900BF1F61 /* Release */ = {
			isa = XCBuildConfiguration;
			buildSettings = {
				ALWAYS_SEARCH_USER_PATHS = NO;
				CLANG_ANALYZER_NONNULL = YES;
				CLANG_ANALYZER_NUMBER_OBJECT_CONVERSION = YES_AGGRESSIVE;
				CLANG_CXX_LANGUAGE_STANDARD = "gnu++14";
				CLANG_CXX_LIBRARY = "libc++";
				CLANG_ENABLE_MODULES = YES;
				CLANG_ENABLE_OBJC_ARC = YES;
				CLANG_ENABLE_OBJC_WEAK = YES;
				CLANG_WARN_BLOCK_CAPTURE_AUTORELEASING = YES;
				CLANG_WARN_BOOL_CONVERSION = YES;
				CLANG_WARN_COMMA = YES;
				CLANG_WARN_CONSTANT_CONVERSION = YES;
				CLANG_WARN_DEPRECATED_OBJC_IMPLEMENTATIONS = YES;
				CLANG_WARN_DIRECT_OBJC_ISA_USAGE = YES_ERROR;
				CLANG_WARN_DOCUMENTATION_COMMENTS = YES;
				CLANG_WARN_EMPTY_BODY = YES;
				CLANG_WARN_ENUM_CONVERSION = YES;
				CLANG_WARN_INFINITE_RECURSION = YES;
				CLANG_WARN_INT_CONVERSION = YES;
				CLANG_WARN_NON_LITERAL_NULL_CONVERSION = YES;
				CLANG_WARN_OBJC_IMPLICIT_RETAIN_SELF = YES;
				CLANG_WARN_OBJC_LITERAL_CONVERSION = YES;
				CLANG_WARN_OBJC_ROOT_CLASS = YES_ERROR;
				CLANG_WARN_QUOTED_INCLUDE_IN_FRAMEWORK_HEADER = YES;
				CLANG_WARN_RANGE_LOOP_ANALYSIS = YES;
				CLANG_WARN_STRICT_PROTOTYPES = YES;
				CLANG_WARN_SUSPICIOUS_MOVE = YES;
				CLANG_WARN_UNGUARDED_AVAILABILITY = YES_AGGRESSIVE;
				CLANG_WARN_UNREACHABLE_CODE = YES;
				CLANG_WARN__DUPLICATE_METHOD_MATCH = YES;
				COPY_PHASE_STRIP = NO;
				DEBUG_INFORMATION_FORMAT = "dwarf-with-dsym";
				ENABLE_NS_ASSERTIONS = NO;
				ENABLE_STRICT_OBJC_MSGSEND = YES;
				GCC_C_LANGUAGE_STANDARD = gnu11;
				GCC_NO_COMMON_BLOCKS = YES;
				GCC_WARN_64_TO_32_BIT_CONVERSION = YES;
				GCC_WARN_ABOUT_RETURN_TYPE = YES_ERROR;
				GCC_WARN_UNDECLARED_SELECTOR = YES;
				GCC_WARN_UNINITIALIZED_AUTOS = YES_AGGRESSIVE;
				GCC_WARN_UNUSED_FUNCTION = YES;
				GCC_WARN_UNUSED_VARIABLE = YES;
				IPHONEOS_DEPLOYMENT_TARGET = 14.5;
				MTL_ENABLE_DEBUG_INFO = NO;
				MTL_FAST_MATH = YES;
				SDKROOT = iphoneos;
				SWIFT_COMPILATION_MODE = wholemodule;
				SWIFT_OPTIMIZATION_LEVEL = "-O";
				VALIDATE_PRODUCT = YES;
			};
			name = Release;
		};
		31BB4CB326A762E900BF1F61 /* Debug */ = {
			isa = XCBuildConfiguration;
			buildSettings = {
				ASSETCATALOG_COMPILER_APPICON_NAME = AppIcon;
				ASSETCATALOG_COMPILER_GLOBAL_ACCENT_COLOR_NAME = AccentColor;
				CODE_SIGN_STYLE = Automatic;
				INFOPLIST_FILE = CrushingCollege/Info.plist;
				LD_RUNPATH_SEARCH_PATHS = (
					"$(inherited)",
					"@executable_path/Frameworks",
				);
				PRODUCT_BUNDLE_IDENTIFIER = kwk.CrushingCollege;
				PRODUCT_NAME = "$(TARGET_NAME)";
				SWIFT_VERSION = 5.0;
				TARGETED_DEVICE_FAMILY = "1,2";
			};
			name = Debug;
		};
		31BB4CB426A762E900BF1F61 /* Release */ = {
			isa = XCBuildConfiguration;
			buildSettings = {
				ASSETCATALOG_COMPILER_APPICON_NAME = AppIcon;
				ASSETCATALOG_COMPILER_GLOBAL_ACCENT_COLOR_NAME = AccentColor;
				CODE_SIGN_STYLE = Automatic;
				INFOPLIST_FILE = CrushingCollege/Info.plist;
				LD_RUNPATH_SEARCH_PATHS = (
					"$(inherited)",
					"@executable_path/Frameworks",
				);
				PRODUCT_BUNDLE_IDENTIFIER = kwk.CrushingCollege;
				PRODUCT_NAME = "$(TARGET_NAME)";
				SWIFT_VERSION = 5.0;
				TARGETED_DEVICE_FAMILY = "1,2";
			};
			name = Release;
		};
/* End XCBuildConfiguration section */

/* Begin XCConfigurationList section */
		31BB4C9626A762E300BF1F61 /* Build configuration list for PBXProject "CrushingCollege" */ = {
			isa = XCConfigurationList;
			buildConfigurations = (
				31BB4CB026A762E900BF1F61 /* Debug */,
				31BB4CB126A762E900BF1F61 /* Release */,
			);
			defaultConfigurationIsVisible = 0;
			defaultConfigurationName = Release;
		};
		31BB4CB226A762E900BF1F61 /* Build configuration list for PBXNativeTarget "CrushingCollege" */ = {
			isa = XCConfigurationList;
			buildConfigurations = (
				31BB4CB326A762E900BF1F61 /* Debug */,
				31BB4CB426A762E900BF1F61 /* Release */,
			);
			defaultConfigurationIsVisible = 0;
			defaultConfigurationName = Release;
		};
/* End XCConfigurationList section */

/* Begin XCVersionGroup section */
		31BB4CA726A762E300BF1F61 /* CrushingCollege.xcdatamodeld */ = {
			isa = XCVersionGroup;
			children = (
				31BB4CA826A762E300BF1F61 /* CrushingCollege.xcdatamodel */,
			);
			currentVersion = 31BB4CA826A762E300BF1F61 /* CrushingCollege.xcdatamodel */;
			path = CrushingCollege.xcdatamodeld;
			sourceTree = "<group>";
			versionGroupType = wrapper.xcdatamodel;
		};
/* End XCVersionGroup section */
	};
	rootObject = 31BB4C9326A762E300BF1F61 /* Project object */;
}
